// !$*UTF8*$!
{
	archiveVersion = 1;
	classes = {
	};
	objectVersion = 46;
	objects = {

/* Begin PBXBuildFile section */
		A370E45D18B96DC000759AD2 /* background.jpeg in Resources */ = {isa = PBXBuildFile; fileRef = A370E45918B96DC000759AD2 /* background.jpeg */; };
		A370E45E18B96DC000759AD2 /* buttons.jpg in Resources */ = {isa = PBXBuildFile; fileRef = A370E45A18B96DC000759AD2 /* buttons.jpg */; };
		A370E45F18B96DC000759AD2 /* FemaleHF.jpg in Resources */ = {isa = PBXBuildFile; fileRef = A370E45B18B96DC000759AD2 /* FemaleHF.jpg */; };
		A370E46018B96DC000759AD2 /* maleHF.jpg in Resources */ = {isa = PBXBuildFile; fileRef = A370E45C18B96DC000759AD2 /* maleHF.jpg */; };
		A370E46218B96DCB00759AD2 /* sound.mp3 in Resources */ = {isa = PBXBuildFile; fileRef = A370E46118B96DCB00759AD2 /* sound.mp3 */; };
		A370E46418B994E700759AD2 /* MaleHeadSide.jpg in Resources */ = {isa = PBXBuildFile; fileRef = A370E46318B994E700759AD2 /* MaleHeadSide.jpg */; };
		C200783E18B6D3FC00436095 /* UIKit.framework in Frameworks */ = {isa = PBXBuildFile; fileRef = C200783D18B6D3FC00436095 /* UIKit.framework */; };
		C200784018B6D3FC00436095 /* Foundation.framework in Frameworks */ = {isa = PBXBuildFile; fileRef = C200783F18B6D3FC00436095 /* Foundation.framework */; };
		C200784218B6D3FC00436095 /* CoreGraphics.framework in Frameworks */ = {isa = PBXBuildFile; fileRef = C200784118B6D3FC00436095 /* CoreGraphics.framework */; };
		C200784818B6D3FC00436095 /* InfoPlist.strings in Resources */ = {isa = PBXBuildFile; fileRef = C200784618B6D3FC00436095 /* InfoPlist.strings */; };
		C200784A18B6D3FC00436095 /* main.m in Sources */ = {isa = PBXBuildFile; fileRef = C200784918B6D3FC00436095 /* main.m */; };
		C200784E18B6D3FC00436095 /* AppDelegate.m in Sources */ = {isa = PBXBuildFile; fileRef = C200784D18B6D3FC00436095 /* AppDelegate.m */; };
		C200785718B6D3FC00436095 /* MainStoryboard.storyboard in Resources */ = {isa = PBXBuildFile; fileRef = C200785518B6D3FC00436095 /* MainStoryboard.storyboard */; };
		C200785A18B6D3FC00436095 /* ViewController.m in Sources */ = {isa = PBXBuildFile; fileRef = C200785918B6D3FC00436095 /* ViewController.m */; };
		C200786618B6E84300436095 /* MainStoryboard in Resources */ = {isa = PBXBuildFile; fileRef = C200786418B6E84300436095 /* MainStoryboard */; };
		C288E0C018B7111F0085D1E0 /* AVFoundation.framework in Frameworks */ = {isa = PBXBuildFile; fileRef = C288E0BF18B7111F0085D1E0 /* AVFoundation.framework */; };
		C2B7EBF718B80944008BA449 /* sound in Resources */ = {isa = PBXBuildFile; fileRef = C2B7EBF618B80944008BA449 /* sound */; };
		C2B7EBF918B80957008BA449 /* images in Resources */ = {isa = PBXBuildFile; fileRef = C2B7EBF818B80957008BA449 /* images */; };
/* End PBXBuildFile section */

/* Begin PBXFileReference section */
		A370E45918B96DC000759AD2 /* background.jpeg */ = {isa = PBXFileReference; lastKnownFileType = image.jpeg; name = background.jpeg; path = images/background.jpeg; sourceTree = "<group>"; };
		A370E45A18B96DC000759AD2 /* buttons.jpg */ = {isa = PBXFileReference; lastKnownFileType = image.jpeg; name = buttons.jpg; path = images/buttons.jpg; sourceTree = "<group>"; };
		A370E45B18B96DC000759AD2 /* FemaleHF.jpg */ = {isa = PBXFileReference; lastKnownFileType = image.jpeg; name = FemaleHF.jpg; path = images/FemaleHF.jpg; sourceTree = "<group>"; };
		A370E45C18B96DC000759AD2 /* maleHF.jpg */ = {isa = PBXFileReference; lastKnownFileType = image.jpeg; name = maleHF.jpg; path = images/maleHF.jpg; sourceTree = "<group>"; };
		A370E46118B96DCB00759AD2 /* sound.mp3 */ = {isa = PBXFileReference; lastKnownFileType = audio.mp3; name = sound.mp3; path = sound/sound.mp3; sourceTree = "<group>"; };
		A370E46318B994E700759AD2 /* MaleHeadSide.jpg */ = {isa = PBXFileReference; lastKnownFileType = image.jpeg; path = MaleHeadSide.jpg; sourceTree = "<group>"; };
		C200783A18B6D3FC00436095 /* projectBtnImgSound.app */ = {isa = PBXFileReference; explicitFileType = wrapper.application; includeInIndex = 0; path = projectBtnImgSound.app; sourceTree = BUILT_PRODUCTS_DIR; };
		C200783D18B6D3FC00436095 /* UIKit.framework */ = {isa = PBXFileReference; lastKnownFileType = wrapper.framework; name = UIKit.framework; path = System/Library/Frameworks/UIKit.framework; sourceTree = SDKROOT; };
		C200783F18B6D3FC00436095 /* Foundation.framework */ = {isa = PBXFileReference; lastKnownFileType = wrapper.framework; name = Foundation.framework; path = System/Library/Frameworks/Foundation.framework; sourceTree = SDKROOT; };
		C200784118B6D3FC00436095 /* CoreGraphics.framework */ = {isa = PBXFileReference; lastKnownFileType = wrapper.framework; name = CoreGraphics.framework; path = System/Library/Frameworks/CoreGraphics.framework; sourceTree = SDKROOT; };
		C200784518B6D3FC00436095 /* projectBtnImgSound-Info.plist */ = {isa = PBXFileReference; lastKnownFileType = text.plist.xml; path = "projectBtnImgSound-Info.plist"; sourceTree = "<group>"; };
		C200784718B6D3FC00436095 /* en */ = {isa = PBXFileReference; lastKnownFileType = text.plist.strings; name = en; path = en.lproj/InfoPlist.strings; sourceTree = "<group>"; };
		C200784918B6D3FC00436095 /* main.m */ = {isa = PBXFileReference; lastKnownFileType = sourcecode.c.objc; path = main.m; sourceTree = "<group>"; };
		C200784B18B6D3FC00436095 /* projectBtnImgSound-Prefix.pch */ = {isa = PBXFileReference; lastKnownFileType = sourcecode.c.h; path = "projectBtnImgSound-Prefix.pch"; sourceTree = "<group>"; };
		C200784C18B6D3FC00436095 /* AppDelegate.h */ = {isa = PBXFileReference; lastKnownFileType = sourcecode.c.h; path = AppDelegate.h; sourceTree = "<group>"; };
		C200784D18B6D3FC00436095 /* AppDelegate.m */ = {isa = PBXFileReference; lastKnownFileType = sourcecode.c.objc; path = AppDelegate.m; sourceTree = "<group>"; };
		C200785618B6D3FC00436095 /* en */ = {isa = PBXFileReference; lastKnownFileType = file.storyboard; name = en; path = en.lproj/MainStoryboard.storyboard; sourceTree = "<group>"; };
		C200785818B6D3FC00436095 /* ViewController.h */ = {isa = PBXFileReference; lastKnownFileType = sourcecode.c.h; path = ViewController.h; sourceTree = "<group>"; };
		C200785918B6D3FC00436095 /* ViewController.m */ = {isa = PBXFileReference; lastKnownFileType = sourcecode.c.objc; path = ViewController.m; sourceTree = "<group>"; };
		C200786518B6E84300436095 /* en */ = {isa = PBXFileReference; lastKnownFileType = text.xml; name = en; path = projectBtnImgSound/en.lproj/MainStoryboard; sourceTree = "<group>"; };
		C288E0BF18B7111F0085D1E0 /* AVFoundation.framework */ = {isa = PBXFileReference; lastKnownFileType = wrapper.framework; name = AVFoundation.framework; path = System/Library/Frameworks/AVFoundation.framework; sourceTree = SDKROOT; };
		C2B7EBF618B80944008BA449 /* sound */ = {isa = PBXFileReference; lastKnownFileType = folder; path = sound; sourceTree = "<group>"; };
		C2B7EBF818B80957008BA449 /* images */ = {isa = PBXFileReference; lastKnownFileType = folder; path = images; sourceTree = "<group>"; };
/* End PBXFileReference section */

/* Begin PBXFrameworksBuildPhase section */
		C200783718B6D3FB00436095 /* Frameworks */ = {
			isa = PBXFrameworksBuildPhase;
			buildActionMask = 2147483647;
			files = (
				C288E0C018B7111F0085D1E0 /* AVFoundation.framework in Frameworks */,
				C200783E18B6D3FC00436095 /* UIKit.framework in Frameworks */,
				C200784018B6D3FC00436095 /* Foundation.framework in Frameworks */,
				C200784218B6D3FC00436095 /* CoreGraphics.framework in Frameworks */,
			);
			runOnlyForDeploymentPostprocessing = 0;
		};
/* End PBXFrameworksBuildPhase section */

/* Begin PBXGroup section */
		C200783118B6D3FB00436095 = {
			isa = PBXGroup;
			children = (
				C288E0BF18B7111F0085D1E0 /* AVFoundation.framework */,
				C200786418B6E84300436095 /* MainStoryboard */,
				C200784318B6D3FC00436095 /* projectBtnImgSound */,
				C200783C18B6D3FC00436095 /* Frameworks */,
				C200783B18B6D3FC00436095 /* Products */,
			);
			sourceTree = "<group>";
		};
		C200783B18B6D3FC00436095 /* Products */ = {
			isa = PBXGroup;
			children = (
				C200783A18B6D3FC00436095 /* projectBtnImgSound.app */,
			);
			name = Products;
			sourceTree = "<group>";
		};
		C200783C18B6D3FC00436095 /* Frameworks */ = {
			isa = PBXGroup;
			children = (
				C200783D18B6D3FC00436095 /* UIKit.framework */,
				C200783F18B6D3FC00436095 /* Foundation.framework */,
				C200784118B6D3FC00436095 /* CoreGraphics.framework */,
			);
			name = Frameworks;
			sourceTree = "<group>";
		};
		C200784318B6D3FC00436095 /* projectBtnImgSound */ = {
			isa = PBXGroup;
			children = (
				C200784C18B6D3FC00436095 /* AppDelegate.h */,
				C200784D18B6D3FC00436095 /* AppDelegate.m */,
				C200785518B6D3FC00436095 /* MainStoryboard.storyboard */,
				C200785818B6D3FC00436095 /* ViewController.h */,
				C200785918B6D3FC00436095 /* ViewController.m */,
				C200784418B6D3FC00436095 /* Supporting Files */,
			);
			path = projectBtnImgSound;
			sourceTree = "<group>";
		};
		C200784418B6D3FC00436095 /* Supporting Files */ = {
			isa = PBXGroup;
			children = (
				A370E46318B994E700759AD2 /* MaleHeadSide.jpg */,
				A370E46118B96DCB00759AD2 /* sound.mp3 */,
				A370E45918B96DC000759AD2 /* background.jpeg */,
				A370E45A18B96DC000759AD2 /* buttons.jpg */,
				A370E45B18B96DC000759AD2 /* FemaleHF.jpg */,
				A370E45C18B96DC000759AD2 /* maleHF.jpg */,
				C2B7EBF818B80957008BA449 /* images */,
				C2B7EBF618B80944008BA449 /* sound */,
				C200784518B6D3FC00436095 /* projectBtnImgSound-Info.plist */,
				C200784618B6D3FC00436095 /* InfoPlist.strings */,
				C200784918B6D3FC00436095 /* main.m */,
				C200784B18B6D3FC00436095 /* projectBtnImgSound-Prefix.pch */,
			);
			name = "Supporting Files";
			sourceTree = "<group>";
		};
/* End PBXGroup section */

/* Begin PBXNativeTarget section */
		C200783918B6D3FB00436095 /* projectBtnImgSound */ = {
			isa = PBXNativeTarget;
			buildConfigurationList = C200785D18B6D3FC00436095 /* Build configuration list for PBXNativeTarget "projectBtnImgSound" */;
			buildPhases = (
				C200783618B6D3FB00436095 /* Sources */,
				C200783718B6D3FB00436095 /* Frameworks */,
				C200783818B6D3FB00436095 /* Resources */,
			);
			buildRules = (
			);
			dependencies = (
			);
			name = projectBtnImgSound;
			productName = projectBtnImgSound;
			productReference = C200783A18B6D3FC00436095 /* projectBtnImgSound.app */;
			productType = "com.apple.product-type.application";
		};
/* End PBXNativeTarget section */

/* Begin PBXProject section */
		C200783218B6D3FB00436095 /* Project object */ = {
			isa = PBXProject;
			attributes = {
				LastUpgradeCheck = 0460;
				ORGANIZATIONNAME = "Leonziyos Productions";
			};
			buildConfigurationList = C200783518B6D3FB00436095 /* Build configuration list for PBXProject "projectBtnImgSound" */;
			compatibilityVersion = "Xcode 3.2";
			developmentRegion = English;
			hasScannedForEncodings = 0;
			knownRegions = (
				en,
			);
			mainGroup = C200783118B6D3FB00436095;
			productRefGroup = C200783B18B6D3FC00436095 /* Products */;
			projectDirPath = "";
			projectRoot = "";
			targets = (
				C200783918B6D3FB00436095 /* projectBtnImgSound */,
			);
		};
/* End PBXProject section */

/* Begin PBXResourcesBuildPhase section */
		C200783818B6D3FB00436095 /* Resources */ = {
			isa = PBXResourcesBuildPhase;
			buildActionMask = 2147483647;
			files = (
				C2B7EBF918B80957008BA449 /* images in Resources */,
				A370E45D18B96DC000759AD2 /* background.jpeg in Resources */,
				C200784818B6D3FC00436095 /* InfoPlist.strings in Resources */,
				A370E45F18B96DC000759AD2 /* FemaleHF.jpg in Resources */,
				A370E46218B96DCB00759AD2 /* sound.mp3 in Resources */,
				A370E46418B994E700759AD2 /* MaleHeadSide.jpg in Resources */,
				A370E46018B96DC000759AD2 /* maleHF.jpg in Resources */,
				C200785718B6D3FC00436095 /* MainStoryboard.storyboard in Resources */,
				C2B7EBF718B80944008BA449 /* sound in Resources */,
				A370E45E18B96DC000759AD2 /* buttons.jpg in Resources */,
				C200786618B6E84300436095 /* MainStoryboard in Resources */,
			);
			runOnlyForDeploymentPostprocessing = 0;
		};
/* End PBXResourcesBuildPhase section */

/* Begin PBXSourcesBuildPhase section */
		C200783618B6D3FB00436095 /* Sources */ = {
			isa = PBXSourcesBuildPhase;
			buildActionMask = 2147483647;
			files = (
				C200784A18B6D3FC00436095 /* main.m in Sources */,
				C200784E18B6D3FC00436095 /* AppDelegate.m in Sources */,
				C200785A18B6D3FC00436095 /* ViewController.m in Sources */,
			);
			runOnlyForDeploymentPostprocessing = 0;
		};
/* End PBXSourcesBuildPhase section */

/* Begin PBXVariantGroup section */
		C200784618B6D3FC00436095 /* InfoPlist.strings */ = {
			isa = PBXVariantGroup;
			children = (
				C200784718B6D3FC00436095 /* en */,
			);
			name = InfoPlist.strings;
			sourceTree = "<group>";
		};
		C200785518B6D3FC00436095 /* MainStoryboard.storyboard */ = {
			isa = PBXVariantGroup;
			children = (
				C200785618B6D3FC00436095 /* en */,
			);
			name = MainStoryboard.storyboard;
			sourceTree = "<group>";
		};
		C200786418B6E84300436095 /* MainStoryboard */ = {
			isa = PBXVariantGroup;
			children = (
				C200786518B6E84300436095 /* en */,
			);
			name = MainStoryboard;
			sourceTree = "<group>";
		};
/* End PBXVariantGroup section */

/* Begin XCBuildConfiguration section */
		C200785B18B6D3FC00436095 /* Debug */ = {
			isa = XCBuildConfiguration;
			buildSettings = {
				ALWAYS_SEARCH_USER_PATHS = NO;
				CLANG_CXX_LANGUAGE_STANDARD = "gnu++0x";
				CLANG_CXX_LIBRARY = "libc++";
				CLANG_ENABLE_OBJC_ARC = YES;
				CLANG_WARN_CONSTANT_CONVERSION = YES;
				CLANG_WARN_EMPTY_BODY = YES;
				CLANG_WARN_ENUM_CONVERSION = YES;
				CLANG_WARN_INT_CONVERSION = YES;
				CLANG_WARN__DUPLICATE_METHOD_MATCH = YES;
				"CODE_SIGN_IDENTITY[sdk=iphoneos*]" = "iPhone Developer";
				COPY_PHASE_STRIP = NO;
				GCC_C_LANGUAGE_STANDARD = gnu99;
				GCC_DYNAMIC_NO_PIC = NO;
				GCC_OPTIMIZATION_LEVEL = 0;
				GCC_PREPROCESSOR_DEFINITIONS = (
					"DEBUG=1",
					"$(inherited)",
				);
				GCC_SYMBOLS_PRIVATE_EXTERN = NO;
				GCC_WARN_ABOUT_RETURN_TYPE = YES;
				GCC_WARN_UNINITIALIZED_AUTOS = YES;
				GCC_WARN_UNUSED_VARIABLE = YES;
				IPHONEOS_DEPLOYMENT_TARGET = 6.1;
				ONLY_ACTIVE_ARCH = YES;
				SDKROOT = iphoneos;
				TARGETED_DEVICE_FAMILY = 2;
			};
			name = Debug;
		};
		C200785C18B6D3FC00436095 /* Release */ = {
			isa = XCBuildConfiguration;
			buildSettings = {
				ALWAYS_SEARCH_USER_PATHS = NO;
				CLANG_CXX_LANGUAGE_STANDARD = "gnu++0x";
				CLANG_CXX_LIBRARY = "libc++";
				CLANG_ENABLE_OBJC_ARC = YES;
				CLANG_WARN_CONSTANT_CONVERSION = YES;
				CLANG_WARN_EMPTY_BODY = YES;
				CLANG_WARN_ENUM_CONVERSION = YES;
				CLANG_WARN_INT_CONVERSION = YES;
				CLANG_WARN__DUPLICATE_METHOD_MATCH = YES;
				"CODE_SIGN_IDENTITY[sdk=iphoneos*]" = "iPhone Developer";
				COPY_PHASE_STRIP = YES;
				GCC_C_LANGUAGE_STANDARD = gnu99;
				GCC_WARN_ABOUT_RETURN_TYPE = YES;
				GCC_WARN_UNINITIALIZED_AUTOS = YES;
				GCC_WARN_UNUSED_VARIABLE = YES;
				IPHONEOS_DEPLOYMENT_TARGET = 6.1;
				OTHER_CFLAGS = "-DNS_BLOCK_ASSERTIONS=1";
				SDKROOT = iphoneos;
				TARGETED_DEVICE_FAMILY = 2;
				VALIDATE_PRODUCT = YES;
			};
			name = Release;
		};
		C200785E18B6D3FC00436095 /* Debug */ = {
			isa = XCBuildConfiguration;
			buildSettings = {
				GCC_PRECOMPILE_PREFIX_HEADER = YES;
				GCC_PREFIX_HEADER = "projectBtnImgSound/projectBtnImgSound-Prefix.pch";
				INFOPLIST_FILE = "projectBtnImgSound/projectBtnImgSound-Info.plist";
				PRODUCT_NAME = "$(TARGET_NAME)";
				WRAPPER_EXTENSION = app;
			};
			name = Debug;
		};
		C200785F18B6D3FC00436095 /* Release */ = {
			isa = XCBuildConfiguration;
			buildSettings = {
				GCC_PRECOMPILE_PREFIX_HEADER = YES;
				GCC_PREFIX_HEADER = "projectBtnImgSound/projectBtnImgSound-Prefix.pch";
				INFOPLIST_FILE = "projectBtnImgSound/projectBtnImgSound-Info.plist";
				PRODUCT_NAME = "$(TARGET_NAME)";
				WRAPPER_EXTENSION = app;
			};
			name = Release;
		};
/* End XCBuildConfiguration section */

/* Begin XCConfigurationList section */
		C200783518B6D3FB00436095 /* Build configuration list for PBXProject "projectBtnImgSound" */ = {
			isa = XCConfigurationList;
			buildConfigurations = (
				C200785B18B6D3FC00436095 /* Debug */,
				C200785C18B6D3FC00436095 /* Release */,
			);
			defaultConfigurationIsVisible = 0;
			defaultConfigurationName = Release;
		};
		C200785D18B6D3FC00436095 /* Build configuration list for PBXNativeTarget "projectBtnImgSound" */ = {
			isa = XCConfigurationList;
			buildConfigurations = (
				C200785E18B6D3FC00436095 /* Debug */,
				C200785F18B6D3FC00436095 /* Release */,
			);
			defaultConfigurationIsVisible = 0;
			defaultConfigurationName = Release;
		};
/* End XCConfigurationList section */
	};
	rootObject = C200783218B6D3FB00436095 /* Project object */;
}
